// !$*UTF8*$!
{
	archiveVersion = 1;
	classes = {
	};
	objectVersion = 46;
	objects = {

/* Begin PBXBuildFile section */
		872D5D6F1ED09B1300DD9BF9 /* AppDelegate.swift in Sources */ = {isa = PBXBuildFile; fileRef = 872D5D6E1ED09B1300DD9BF9 /* AppDelegate.swift */; };
		872D5D711ED09B1300DD9BF9 /* ViewController.swift in Sources */ = {isa = PBXBuildFile; fileRef = 872D5D701ED09B1300DD9BF9 /* ViewController.swift */; };
		872D5D741ED09B1300DD9BF9 /* Main.storyboard in Resources */ = {isa = PBXBuildFile; fileRef = 872D5D721ED09B1300DD9BF9 /* Main.storyboard */; };
		872D5D761ED09B1300DD9BF9 /* Assets.xcassets in Resources */ = {isa = PBXBuildFile; fileRef = 872D5D751ED09B1300DD9BF9 /* Assets.xcassets */; };
		872D5D791ED09B1300DD9BF9 /* LaunchScreen.storyboard in Resources */ = {isa = PBXBuildFile; fileRef = 872D5D771ED09B1300DD9BF9 /* LaunchScreen.storyboard */; };
/* End PBXBuildFile section */

/* Begin PBXFileReference section */
		872D5D6B1ED09B1300DD9BF9 /* JMSideMainMenu.app */ = {isa = PBXFileReference; explicitFileType = wrapper.application; includeInIndex = 0; path = JMSideMainMenu.app; sourceTree = BUILT_PRODUCTS_DIR; };
		872D5D6E1ED09B1300DD9BF9 /* AppDelegate.swift */ = {isa = PBXFileReference; lastKnownFileType = sourcecode.swift; path = AppDelegate.swift; sourceTree = "<group>"; };
		872D5D701ED09B1300DD9BF9 /* ViewController.swift */ = {isa = PBXFileReference; lastKnownFileType = sourcecode.swift; path = ViewController.swift; sourceTree = "<group>"; };
		872D5D731ED09B1300DD9BF9 /* Base */ = {isa = PBXFileReference; lastKnownFileType = file.storyboard; name = Base; path = Base.lproj/Main.storyboard; sourceTree = "<group>"; };
		872D5D751ED09B1300DD9BF9 /* Assets.xcassets */ = {isa = PBXFileReference; lastKnownFileType = folder.assetcatalog; path = Assets.xcassets; sourceTree = "<group>"; };
		872D5D781ED09B1300DD9BF9 /* Base */ = {isa = PBXFileReference; lastKnownFileType = file.storyboard; name = Base; path = Base.lproj/LaunchScreen.storyboard; sourceTree = "<group>"; };
		872D5D7A1ED09B1300DD9BF9 /* Info.plist */ = {isa = PBXFileReference; lastKnownFileType = text.plist.xml; path = Info.plist; sourceTree = "<group>"; };
/* End PBXFileReference section */

/* Begin PBXFrameworksBuildPhase section */
		872D5D681ED09B1300DD9BF9 /* Frameworks */ = {
			isa = PBXFrameworksBuildPhase;
			buildActionMask = 2147483647;
			files = (
			);
			runOnlyForDeploymentPostprocessing = 0;
		};
/* End PBXFrameworksBuildPhase section */

/* Begin PBXGroup section */
		872D5D621ED09B1300DD9BF9 = {
			isa = PBXGroup;
			children = (
				872D5D6D1ED09B1300DD9BF9 /* JMSideMainMenu */,
				872D5D6C1ED09B1300DD9BF9 /* Products */,
			);
			sourceTree = "<group>";
		};
		872D5D6C1ED09B1300DD9BF9 /* Products */ = {
			isa = PBXGroup;
			children = (
				872D5D6B1ED09B1300DD9BF9 /* JMSideMainMenu.app */,
			);
			name = Products;
			sourceTree = "<group>";
		};
		872D5D6D1ED09B1300DD9BF9 /* JMSideMainMenu */ = {
			isa = PBXGroup;
			children = (
				872D5D6E1ED09B1300DD9BF9 /* AppDelegate.swift */,
				872D5D701ED09B1300DD9BF9 /* ViewController.swift */,
				872D5D721ED09B1300DD9BF9 /* Main.storyboard */,
				872D5D751ED09B1300DD9BF9 /* Assets.xcassets */,
				872D5D771ED09B1300DD9BF9 /* LaunchScreen.storyboard */,
				872D5D7A1ED09B1300DD9BF9 /* Info.plist */,
			);
			path = JMSideMainMenu;
			sourceTree = "<group>";
		};
/* End PBXGroup section */

/* Begin PBXNativeTarget section */
		872D5D6A1ED09B1300DD9BF9 /* JMSideMainMenu */ = {
			isa = PBXNativeTarget;
			buildConfigurationList = 872D5D7D1ED09B1300DD9BF9 /* Build configuration list for PBXNativeTarget "JMSideMainMenu" */;
			buildPhases = (
				872D5D671ED09B1300DD9BF9 /* Sources */,
				872D5D681ED09B1300DD9BF9 /* Frameworks */,
				872D5D691ED09B1300DD9BF9 /* Resources */,
			);
			buildRules = (
			);
			dependencies = (
			);
			name = JMSideMainMenu;
			productName = JMSideMainMenu;
			productReference = 872D5D6B1ED09B1300DD9BF9 /* JMSideMainMenu.app */;
			productType = "com.apple.product-type.application";
		};
/* End PBXNativeTarget section */

/* Begin PBXProject section */
		872D5D631ED09B1300DD9BF9 /* Project object */ = {
			isa = PBXProject;
			attributes = {
				LastSwiftUpdateCheck = 0830;
				LastUpgradeCheck = 0830;
				ORGANIZATIONNAME = "Juan Morillo";
				TargetAttributes = {
					872D5D6A1ED09B1300DD9BF9 = {
						CreatedOnToolsVersion = 8.3.2;
						ProvisioningStyle = Automatic;
					};
				};
			};
			buildConfigurationList = 872D5D661ED09B1300DD9BF9 /* Build configuration list for PBXProject "JMSideMainMenu" */;
			compatibilityVersion = "Xcode 3.2";
			developmentRegion = English;
			hasScannedForEncodings = 0;
			knownRegions = (
				en,
				Base,
			);
			mainGroup = 872D5D621ED09B1300DD9BF9;
			productRefGroup = 872D5D6C1ED09B1300DD9BF9 /* Products */;
			projectDirPath = "";
			projectRoot = "";
			targets = (
				872D5D6A1ED09B1300DD9BF9 /* JMSideMainMenu */,
			);
		};
/* End PBXProject section */

/* Begin PBXResourcesBuildPhase section */
		872D5D691ED09B1300DD9BF9 /* Resources */ = {
			isa = PBXResourcesBuildPhase;
			buildActionMask = 2147483647;
			files = (
				872D5D791ED09B1300DD9BF9 /* LaunchScreen.storyboard in Resources */,
				872D5D761ED09B1300DD9BF9 /* Assets.xcassets in Resources */,
				872D5D741ED09B1300DD9BF9 /* Main.storyboard in Resources */,
			);
			runOnlyForDeploymentPostprocessing = 0;
		};
/* End PBXResourcesBuildPhase section */

/* Begin PBXSourcesBuildPhase section */
		872D5D671ED09B1300DD9BF9 /* Sources */ = {
			isa = PBXSourcesBuildPhase;
			buildActionMask = 2147483647;
			files = (
				872D5D711ED09B1300DD9BF9 /* ViewController.swift in Sources */,
				872D5D6F1ED09B1300DD9BF9 /* AppDelegate.swift in Sources */,
			);
			runOnlyForDeploymentPostprocessing = 0;
		};
/* End PBXSourcesBuildPhase section */

/* Begin PBXVariantGroup section */
		872D5D721ED09B1300DD9BF9 /* Main.storyboard */ = {
			isa = PBXVariantGroup;
			children = (
				872D5D731ED09B1300DD9BF9 /* Base */,
			);
			name = Main.storyboard;
			sourceTree = "<group>";
		};
		872D5D771ED09B1300DD9BF9 /* LaunchScreen.storyboard */ = {
			isa = PBXVariantGroup;
			children = (
				872D5D781ED09B1300DD9BF9 /* Base */,
			);
			name = LaunchScreen.storyboard;
			sourceTree = "<group>";
		};
/* End PBXVariantGroup section */

/* Begin XCBuildConfiguration section */
		872D5D7B1ED09B1300DD9BF9 /* Debug */ = {
			isa = XCBuildConfiguration;
			buildSettings = {
				ALWAYS_SEARCH_USER_PATHS = NO;
				CLANG_ANALYZER_NONNULL = YES;
				CLANG_ANALYZER_NUMBER_OBJECT_CONVERSION = YES_AGGRESSIVE;
				CLANG_CXX_LANGUAGE_STANDARD = "gnu++0x";
				CLANG_CXX_LIBRARY = "libc++";
				CLANG_ENABLE_MODULES = YES;
				CLANG_ENABLE_OBJC_ARC = YES;
				CLANG_WARN_BOOL_CONVERSION = YES;
				CLANG_WARN_CONSTANT_CONVERSION = YES;
				CLANG_WARN_DIRECT_OBJC_ISA_USAGE = YES_ERROR;
				CLANG_WARN_DOCUMENTATION_COMMENTS = YES;
				CLANG_WARN_EMPTY_BODY = YES;
				CLANG_WARN_ENUM_CONVERSION = YES;
				CLANG_WARN_INFINITE_RECURSION = YES;
				CLANG_WARN_INT_CONVERSION = YES;
				CLANG_WARN_OBJC_ROOT_CLASS = YES_ERROR;
				CLANG_WARN_SUSPICIOUS_MOVE = YES;
				CLANG_WARN_UNREACHABLE_CODE = YES;
				CLANG_WARN__DUPLICATE_METHOD_MATCH = YES;
				"CODE_SIGN_IDENTITY[sdk=iphoneos*]" = "iPhone Developer";
				COPY_PHASE_STRIP = NO;
				DEBUG_INFORMATION_FORMAT = dwarf;
				ENABLE_STRICT_OBJC_MSGSEND = YES;
				ENABLE_TESTABILITY = YES;
				GCC_C_LANGUAGE_STANDARD = gnu99;
				GCC_DYNAMIC_NO_PIC = NO;
				GCC_NO_COMMON_BLOCKS = YES;
				GCC_OPTIMIZATION_LEVEL = 0;
				GCC_PREPROCESSOR_DEFINITIONS = (
					"DEBUG=1",
					"$(inherited)",
				);
				GCC_WARN_64_TO_32_BIT_CONVERSION = YES;
				GCC_WARN_ABOUT_RETURN_TYPE = YES_ERROR;
				GCC_WARN_UNDECLARED_SELECTOR = YES;
				GCC_WARN_UNINITIALIZED_AUTOS = YES_AGGRESSIVE;
				GCC_WARN_UNUSED_FUNCTION = YES;
				GCC_WARN_UNUSED_VARIABLE = YES;
				IPHONEOS_DEPLOYMENT_TARGET = 10.3;
				MTL_ENABLE_DEBUG_INFO = YES;
				ONLY_ACTIVE_ARCH = YES;
				SDKROOT = iphoneos;
				SWIFT_ACTIVE_COMPILATION_CONDITIONS = DEBUG;
				SWIFT_OPTIMIZATION_LEVEL = "-Onone";
				TARGETED_DEVICE_FAMILY = "1,2";
			};
			name = Debug;
		};
		872D5D7C1ED09B1300DD9BF9 /* Release */ = {
			isa = XCBuildConfiguration;
			buildSettings = {
				ALWAYS_SEARCH_USER_PATHS = NO;
				CLANG_ANALYZER_NONNULL = YES;
				CLANG_ANALYZER_NUMBER_OBJECT_CONVERSION = YES_AGGRESSIVE;
				CLANG_CXX_LANGUAGE_STANDARD = "gnu++0x";
				CLANG_CXX_LIBRARY = "libc++";
				CLANG_ENABLE_MODULES = YES;
				CLANG_ENABLE_OBJC_ARC = YES;
				CLANG_WARN_BOOL_CONVERSION = YES;
				CLANG_WARN_CONSTANT_CONVERSION = YES;
				CLANG_WARN_DIRECT_OBJC_ISA_USAGE = YES_ERROR;
				CLANG_WARN_DOCUMENTATION_COMMENTS = YES;
				CLANG_WARN_EMPTY_BODY = YES;
				CLANG_WARN_ENUM_CONVERSION = YES;
				CLANG_WARN_INFINITE_RECURSION = YES;
				CLANG_WARN_INT_CONVERSION = YES;
				CLANG_WARN_OBJC_ROOT_CLASS = YES_ERROR;
				CLANG_WARN_SUSPICIOUS_MOVE = YES;
				CLANG_WARN_UNREACHABLE_CODE = YES;
				CLANG_WARN__DUPLICATE_METHOD_MATCH = YES;
				"CODE_SIGN_IDENTITY[sdk=iphoneos*]" = "iPhone Developer";
				COPY_PHASE_STRIP = NO;
				DEBUG_INFORMATION_FORMAT = "dwarf-with-dsym";
				ENABLE_NS_ASSERTIONS = NO;
				ENABLE_STRICT_OBJC_MSGSEND = YES;
				GCC_C_LANGUAGE_STANDARD = gnu99;
				GCC_NO_COMMON_BLOCKS = YES;
				GCC_WARN_64_TO_32_BIT_CONVERSION = YES;
				GCC_WARN_ABOUT_RETURN_TYPE = YES_ERROR;
				GCC_WARN_UNDECLARED_SELECTOR = YES;
				GCC_WARN_UNINITIALIZED_AUTOS = YES_AGGRESSIVE;
				GCC_WARN_UNUSED_FUNCTION = YES;
				GCC_WARN_UNUSED_VARIABLE = YES;
				IPHONEOS_DEPLOYMENT_TARGET = 10.3;
				MTL_ENABLE_DEBUG_INFO = NO;
				SDKROOT = iphoneos;
				SWIFT_OPTIMIZATION_LEVEL = "-Owholemodule";
				TARGETED_DEVICE_FAMILY = "1,2";
				VALIDATE_PRODUCT = YES;
			};
			name = Release;
		};
		872D5D7E1ED09B1300DD9BF9 /* Debug */ = {
			isa = XCBuildConfiguration;
			buildSettings = {
				ASSETCATALOG_COMPILER_APPICON_NAME = AppIcon;
				INFOPLIST_FILE = JMSideMainMenu/Info.plist;
				LD_RUNPATH_SEARCH_PATHS = "$(inherited) @executable_path/Frameworks";
				PRODUCT_BUNDLE_IDENTIFIER = com.juanmorillios.JMSideMainMenu;
				PRODUCT_NAME = "$(TARGET_NAME)";
				SWIFT_VERSION = 3.0;
			};
			name = Debug;
		};
		872D5D7F1ED09B1300DD9BF9 /* Release */ = {
			isa = XCBuildConfiguration;
			buildSettings = {
				ASSETCATALOG_COMPILER_APPICON_NAME = AppIcon;
				INFOPLIST_FILE = JMSideMainMenu/Info.plist;
				LD_RUNPATH_SEARCH_PATHS = "$(inherited) @executable_path/Frameworks";
				PRODUCT_BUNDLE_IDENTIFIER = com.juanmorillios.JMSideMainMenu;
				PRODUCT_NAME = "$(TARGET_NAME)";
				SWIFT_VERSION = 3.0;
			};
			name = Release;
		};
/* End XCBuildConfiguration section */

/* Begin XCConfigurationList section */
		872D5D661ED09B1300DD9BF9 /* Build configuration list for PBXProject "JMSideMainMenu" */ = {
			isa = XCConfigurationList;
			buildConfigurations = (
				872D5D7B1ED09B1300DD9BF9 /* Debug */,
				872D5D7C1ED09B1300DD9BF9 /* Release */,
			);
			defaultConfigurationIsVisible = 0;
			defaultConfigurationName = Release;
		};
		872D5D7D1ED09B1300DD9BF9 /* Build configuration list for PBXNativeTarget "JMSideMainMenu" */ = {
			isa = XCConfigurationList;
			buildConfigurations = (
				872D5D7E1ED09B1300DD9BF9 /* Debug */,
				872D5D7F1ED09B1300DD9BF9 /* Release */,
			);
			defaultConfigurationIsVisible = 0;
		};
/* End XCConfigurationList section */
	};
	rootObject = 872D5D631ED09B1300DD9BF9 /* Project object */;
}
